version: 1
lockfileVersion: 3
requires: true
packages:
  "":
    name: "@trv/web"
    version: "0.0.1"
    private: true
    dependencies:
      react: ^19.2.8
      "react-dom": ^19.2.8
    devDependencies:
      "@types/react": ^19.2.0
      "@types/react-dom": ^19.2.3
      "@vitejs/plugin-react": ^6.0.4
      typescript: ^7.0.2
      vite: ^8.0.0

dependencies:
  react:
    version: 19.2.8
    resolved: https://registry.npmjs.org/react/-/react-19.2.8.tgz
    integrity: sha512-FAKE-EXAMPLE-PLACEHOLDER
  react-dom:
    version: 19.2.8
    resolved: https://registry.npmjs.org/react-dom/-/react-dom-19.2.8.tgz
    integrity: sha512-FAKE-EXAMPLE-PLACEHOLDER

devDependencies:
  @types/react:
    version: 19.2.0
    resolved: https://registry.npmjs.org/@types/react/-/react-19.2.0.tgz
    integrity: sha512-FAKE-EXAMPLE-PLACEHOLDER
  @types/react-dom:
    version: 19.2.3
    resolved: https://registry.npmjs.org/@types/react-dom/-/react-dom-19.2.3.tgz
    integrity: sha512-FAKE-EXAMPLE-PLACEHOLDER
  @vitejs/plugin-react:
    version: 6.0.4
    resolved: https://registry.npmjs.org/@vitejs/plugin-react/-/plugin-react-6.0.4.tgz
    integrity: sha512-FAKE-EXAMPLE-PLACEHOLDER
  typescript:
    version: 7.0.2
    resolved: https://registry.npmjs.org/typescript/-/typescript-7.0.2.tgz
    integrity: sha512-FAKE-EXAMPLE-PLACEHOLDER
  vite:
    version: 8.0.0
    resolved: https://registry.npmjs.org/vite/-/vite-8.0.0.tgz
    integrity: sha512-FAKE-EXAMPLE-PLACEHOLDER
